
Microsoft Visual Studio Solution File, Format Version 12.00
# Visual Studio Version 16
VisualStudioVersion = 16.0.30204.135
MinimumVisualStudioVersion = 10.0.40219.1
Project("{888888A0-9F3D-457C-B088-3A5042F75D52}") = "FlaskWebProject1", "FlaskWebProject1\FlaskWebProject1.pyproj", "{17C4068E-D6A2-4658-AEBC-BF413E017846}"
EndProject
Global
	GlobalSection(SolutionConfigurationPlatforms) = preSolution
		Debug|Any CPU = Debug|Any CPU
		Release|Any CPU = Release|Any CPU
	EndGlobalSection
	GlobalSection(ProjectConfigurationPlatforms) = postSolution
		{17C4068E-D6A2-4658-AEBC-BF413E017846}.Debug|Any CPU.ActiveCfg = Debug|Any CPU
		{17C4068E-D6A2-4658-AEBC-BF413E017846}.Debug|Any CPU.Build.0 = Debug|Any CPU
		{17C4068E-D6A2-4658-AEBC-BF413E017846}.Release|Any CPU.ActiveCfg = Release|Any CPU
		{17C4068E-D6A2-4658-AEBC-BF413E017846}.Release|Any CPU.Build.0 = Release|Any CPU
	EndGlobalSection
	GlobalSection(SolutionProperties) = preSolution
		HideSolutionNode = FALSE
	EndGlobalSection
	GlobalSection(ExtensibilityGlobals) = postSolution
		SolutionGuid = {F6CB9345-A864-4303-A04A-15100540D460}
	EndGlobalSection
EndGlobal
